
Microsoft Visual Studio Solution File, Format Version 12.00
# Visual Studio Version 16
VisualStudioVersion = 16.0.30523.141
MinimumVisualStudioVersion = 10.0.40219.1
Project("{FAE04EC0-301F-11D3-BF4B-00C04F79EFBC}") = "GitHubAPI", "GitHubAPI\GitHubAPI.csproj", "{4B50DA01-81C6-4184-9474-0FDDE6206F6F}"
EndProject
Project("{FAE04EC0-301F-11D3-BF4B-00C04F79EFBC}") = "GithubApiCore", "GithubApiCore\GithubApiCore.csproj", "{152A23F3-6032-4397-90E6-ED415663A12E}"
EndProject
Global
	GlobalSection(SolutionConfigurationPlatforms) = preSolution
		Debug|Any CPU = Debug|Any CPU
		Release|Any CPU = Release|Any CPU
	EndGlobalSection
	GlobalSection(ProjectConfigurationPlatforms) = postSolution
		{4B50DA01-81C6-4184-9474-0FDDE6206F6F}.Debug|Any CPU.ActiveCfg = Debug|Any CPU
		{4B50DA01-81C6-4184-9474-0FDDE6206F6F}.Debug|Any CPU.Build.0 = Debug|Any CPU
		{4B50DA01-81C6-4184-9474-0FDDE6206F6F}.Release|Any CPU.ActiveCfg = Release|Any CPU
		{4B50DA01-81C6-4184-9474-0FDDE6206F6F}.Release|Any CPU.Build.0 = Release|Any CPU
		{152A23F3-6032-4397-90E6-ED415663A12E}.Debug|Any CPU.ActiveCfg = Debug|Any CPU
		{152A23F3-6032-4397-90E6-ED415663A12E}.Debug|Any CPU.Build.0 = Debug|Any CPU
		{152A23F3-6032-4397-90E6-ED415663A12E}.Release|Any CPU.ActiveCfg = Release|Any CPU
		{152A23F3-6032-4397-90E6-ED415663A12E}.Release|Any CPU.Build.0 = Release|Any CPU
	EndGlobalSection
	GlobalSection(SolutionProperties) = preSolution
		HideSolutionNode = FALSE
	EndGlobalSection
	GlobalSection(ExtensibilityGlobals) = postSolution
		SolutionGuid = {C7C667C8-9CA9-4A74-9E75-76A5DA4E2A97}
	EndGlobalSection
EndGlobal
